
Microsoft Visual Studio Solution File, Format Version 12.00
# Visual Studio Version 16
VisualStudioVersion = 16.0.30717.126
MinimumVisualStudioVersion = 10.0.40219.1
Project("{FAE04EC0-301F-11D3-BF4B-00C04F79EFBC}") = "GroupProject_SlimePlatformer", "GroupProject_SlimePlatformer\GroupProject_SlimePlatformer.csproj", "{2EFC9C1E-38D3-45D8-9F85-58FEEE50DB6E}"
EndProject
Global
	GlobalSection(SolutionConfigurationPlatforms) = preSolution
		Debug|Any CPU = Debug|Any CPU
		Release|Any CPU = Release|Any CPU
	EndGlobalSection
	GlobalSection(ProjectConfigurationPlatforms) = postSolution
		{2EFC9C1E-38D3-45D8-9F85-58FEEE50DB6E}.Debug|Any CPU.ActiveCfg = Debug|Any CPU
		{2EFC9C1E-38D3-45D8-9F85-58FEEE50DB6E}.Debug|Any CPU.Build.0 = Debug|Any CPU
		{2EFC9C1E-38D3-45D8-9F85-58FEEE50DB6E}.Release|Any CPU.ActiveCfg = Release|Any CPU
		{2EFC9C1E-38D3-45D8-9F85-58FEEE50DB6E}.Release|Any CPU.Build.0 = Release|Any CPU
	EndGlobalSection
	GlobalSection(SolutionProperties) = preSolution
		HideSolutionNode = FALSE
	EndGlobalSection
	GlobalSection(ExtensibilityGlobals) = postSolution
		SolutionGuid = {271827B4-EFD4-4844-85B1-A025B9B61A63}
	EndGlobalSection
EndGlobal
